
Microsoft Visual Studio Solution File, Format Version 12.00
# Visual Studio Version 17
VisualStudioVersion = 17.7.34031.279
MinimumVisualStudioVersion = 10.0.40219.1
Project("{FAE04EC0-301F-11D3-BF4B-00C04F79EFBC}") = "examen25", "examen25\examen25.csproj", "{605A42EF-6AF6-4BF5-A99F-CF3625C252DB}"
EndProject
Global
	GlobalSection(SolutionConfigurationPlatforms) = preSolution
		Debug|Any CPU = Debug|Any CPU
		Release|Any CPU = Release|Any CPU
	EndGlobalSection
	GlobalSection(ProjectConfigurationPlatforms) = postSolution
		{605A42EF-6AF6-4BF5-A99F-CF3625C252DB}.Debug|Any CPU.ActiveCfg = Debug|Any CPU
		{605A42EF-6AF6-4BF5-A99F-CF3625C252DB}.Debug|Any CPU.Build.0 = Debug|Any CPU
		{605A42EF-6AF6-4BF5-A99F-CF3625C252DB}.Release|Any CPU.ActiveCfg = Release|Any CPU
		{605A42EF-6AF6-4BF5-A99F-CF3625C252DB}.Release|Any CPU.Build.0 = Release|Any CPU
	EndGlobalSection
	GlobalSection(SolutionProperties) = preSolution
		HideSolutionNode = FALSE
	EndGlobalSection
	GlobalSection(ExtensibilityGlobals) = postSolution
		SolutionGuid = {697EBBB9-09B6-42E8-A9D9-0C5E67E785D0}
	EndGlobalSection
EndGlobal
